
Microsoft Visual Studio Solution File, Format Version 12.00
# Visual Studio 15
VisualStudioVersion = 15.0.28307.271
MinimumVisualStudioVersion = 10.0.40219.1
Project("{FAE04EC0-301F-11D3-BF4B-00C04F79EFBC}") = "XamarinApp.Android", "XamarinApp\XamarinApp.Android\XamarinApp.Android.csproj", "{E25DB140-44CD-401A-AF15-1787F3BB622A}"
EndProject
Project("{FAE04EC0-301F-11D3-BF4B-00C04F79EFBC}") = "XamarinApp.iOS", "XamarinApp\XamarinApp.iOS\XamarinApp.iOS.csproj", "{11A80FA8-3A39-46C9-9844-80A4DF1127F2}"
EndProject
Project("{FAE04EC0-301F-11D3-BF4B-00C04F79EFBC}") = "XamarinApp", "XamarinApp\XamarinApp\XamarinApp.csproj", "{96356EAB-1BD3-48C3-BA19-F5EC311497F5}"
EndProject
Global
	GlobalSection(SolutionConfigurationPlatforms) = preSolution
		Ad-Hoc|Any CPU = Ad-Hoc|Any CPU
		Ad-Hoc|iPhone = Ad-Hoc|iPhone
		Ad-Hoc|iPhoneSimulator = Ad-Hoc|iPhoneSimulator
		AppStore|Any CPU = AppStore|Any CPU
		AppStore|iPhone = AppStore|iPhone
		AppStore|iPhoneSimulator = AppStore|iPhoneSimulator
		Debug|Any CPU = Debug|Any CPU
		Debug|iPhone = Debug|iPhone
		Debug|iPhoneSimulator = Debug|iPhoneSimulator
		Release|Any CPU = Release|Any CPU
		Release|iPhone = Release|iPhone
		Release|iPhoneSimulator = Release|iPhoneSimulator
	EndGlobalSection
	GlobalSection(ProjectConfigurationPlatforms) = postSolution
		{E25DB140-44CD-401A-AF15-1787F3BB622A}.Ad-Hoc|Any CPU.ActiveCfg = Release|Any CPU
		{E25DB140-44CD-401A-AF15-1787F3BB622A}.Ad-Hoc|Any CPU.Build.0 = Release|Any CPU
		{E25DB140-44CD-401A-AF15-1787F3BB622A}.Ad-Hoc|Any CPU.Deploy.0 = Release|Any CPU
		{E25DB140-44CD-401A-AF15-1787F3BB622A}.Ad-Hoc|iPhone.ActiveCfg = Release|Any CPU
		{E25DB140-44CD-401A-AF15-1787F3BB622A}.Ad-Hoc|iPhone.Build.0 = Release|Any CPU
		{E25DB140-44CD-401A-AF15-1787F3BB622A}.Ad-Hoc|iPhone.Deploy.0 = Release|Any CPU
		{E25DB140-44CD-401A-AF15-1787F3BB622A}.Ad-Hoc|iPhoneSimulator.ActiveCfg = Release|Any CPU
		{E25DB140-44CD-401A-AF15-1787F3BB622A}.Ad-Hoc|iPhoneSimulator.Build.0 = Release|Any CPU
		{E25DB140-44CD-401A-AF15-1787F3BB622A}.Ad-Hoc|iPhoneSimulator.Deploy.0 = Release|Any CPU
		{E25DB140-44CD-401A-AF15-1787F3BB622A}.AppStore|Any CPU.ActiveCfg = Release|Any CPU
		{E25DB140-44CD-401A-AF15-1787F3BB622A}.AppStore|Any CPU.Build.0 = Release|Any CPU
		{E25DB140-44CD-401A-AF15-1787F3BB622A}.AppStore|Any CPU.Deploy.0 = Release|Any CPU
		{E25DB140-44CD-401A-AF15-1787F3BB622A}.AppStore|iPhone.ActiveCfg = Release|Any CPU
		{E25DB140-44CD-401A-AF15-1787F3BB622A}.AppStore|iPhone.Build.0 = Release|Any CPU
		{E25DB140-44CD-401A-AF15-1787F3BB622A}.AppStore|iPhone.Deploy.0 = Release|Any CPU
		{E25DB140-44CD-401A-AF15-1787F3BB622A}.AppStore|iPhoneSimulator.ActiveCfg = Release|Any CPU
		{E25DB140-44CD-401A-AF15-1787F3BB622A}.AppStore|iPhoneSimulator.Build.0 = Release|Any CPU
		{E25DB140-44CD-401A-AF15-1787F3BB622A}.AppStore|iPhoneSimulator.Deploy.0 = Release|Any CPU
		{E25DB140-44CD-401A-AF15-1787F3BB622A}.Debug|Any CPU.ActiveCfg = Debug|Any CPU
		{E25DB140-44CD-401A-AF15-1787F3BB622A}.Debug|Any CPU.Build.0 = Debug|Any CPU
		{E25DB140-44CD-401A-AF15-1787F3BB622A}.Debug|Any CPU.Deploy.0 = Debug|Any CPU
		{E25DB140-44CD-401A-AF15-1787F3BB622A}.Debug|iPhone.ActiveCfg = Debug|Any CPU
		{E25DB140-44CD-401A-AF15-1787F3BB622A}.Debug|iPhone.Build.0 = Debug|Any CPU
		{E25DB140-44CD-401A-AF15-1787F3BB622A}.Debug|iPhone.Deploy.0 = Debug|Any CPU
		{E25DB140-44CD-401A-AF15-1787F3BB622A}.Debug|iPhoneSimulator.ActiveCfg = Debug|Any CPU
		{E25DB140-44CD-401A-AF15-1787F3BB622A}.Debug|iPhoneSimulator.Build.0 = Debug|Any CPU
		{E25DB140-44CD-401A-AF15-1787F3BB622A}.Debug|iPhoneSimulator.Deploy.0 = Debug|Any CPU
		{E25DB140-44CD-401A-AF15-1787F3BB622A}.Release|Any CPU.ActiveCfg = Release|Any CPU
		{E25DB140-44CD-401A-AF15-1787F3BB622A}.Release|Any CPU.Build.0 = Release|Any CPU
		{E25DB140-44CD-401A-AF15-1787F3BB622A}.Release|Any CPU.Deploy.0 = Release|Any CPU
		{E25DB140-44CD-401A-AF15-1787F3BB622A}.Release|iPhone.ActiveCfg = Release|Any CPU
		{E25DB140-44CD-401A-AF15-1787F3BB622A}.Release|iPhone.Build.0 = Release|Any CPU
		{E25DB140-44CD-401A-AF15-1787F3BB622A}.Release|iPhone.Deploy.0 = Release|Any CPU
		{E25DB140-44CD-401A-AF15-1787F3BB622A}.Release|iPhoneSimulator.ActiveCfg = Release|Any CPU
		{E25DB140-44CD-401A-AF15-1787F3BB622A}.Release|iPhoneSimulator.Build.0 = Release|Any CPU
		{E25DB140-44CD-401A-AF15-1787F3BB622A}.Release|iPhoneSimulator.Deploy.0 = Release|Any CPU
		{11A80FA8-3A39-46C9-9844-80A4DF1127F2}.Ad-Hoc|Any CPU.ActiveCfg = Ad-Hoc|iPhone
		{11A80FA8-3A39-46C9-9844-80A4DF1127F2}.Ad-Hoc|Any CPU.Build.0 = Ad-Hoc|iPhone
		{11A80FA8-3A39-46C9-9844-80A4DF1127F2}.Ad-Hoc|Any CPU.Deploy.0 = Ad-Hoc|iPhone
		{11A80FA8-3A39-46C9-9844-80A4DF1127F2}.Ad-Hoc|iPhone.ActiveCfg = Ad-Hoc|iPhone
		{11A80FA8-3A39-46C9-9844-80A4DF1127F2}.Ad-Hoc|iPhone.Build.0 = Ad-Hoc|iPhone
		{11A80FA8-3A39-46C9-9844-80A4DF1127F2}.Ad-Hoc|iPhone.Deploy.0 = Ad-Hoc|iPhone
		{11A80FA8-3A39-46C9-9844-80A4DF1127F2}.Ad-Hoc|iPhoneSimulator.ActiveCfg = Ad-Hoc|iPhoneSimulator
		{11A80FA8-3A39-46C9-9844-80A4DF1127F2}.Ad-Hoc|iPhoneSimulator.Build.0 = Ad-Hoc|iPhoneSimulator
		{11A80FA8-3A39-46C9-9844-80A4DF1127F2}.Ad-Hoc|iPhoneSimulator.Deploy.0 = Ad-Hoc|iPhoneSimulator
		{11A80FA8-3A39-46C9-9844-80A4DF1127F2}.AppStore|Any CPU.ActiveCfg = AppStore|iPhone
		{11A80FA8-3A39-46C9-9844-80A4DF1127F2}.AppStore|Any CPU.Build.0 = AppStore|iPhone
		{11A80FA8-3A39-46C9-9844-80A4DF1127F2}.AppStore|Any CPU.Deploy.0 = AppStore|iPhone
		{11A80FA8-3A39-46C9-9844-80A4DF1127F2}.AppStore|iPhone.ActiveCfg = AppStore|iPhone
		{11A80FA8-3A39-46C9-9844-80A4DF1127F2}.AppStore|iPhone.Build.0 = AppStore|iPhone
		{11A80FA8-3A39-46C9-9844-80A4DF1127F2}.AppStore|iPhone.Deploy.0 = AppStore|iPhone
		{11A80FA8-3A39-46C9-9844-80A4DF1127F2}.AppStore|iPhoneSimulator.ActiveCfg = AppStore|iPhoneSimulator
		{11A80FA8-3A39-46C9-9844-80A4DF1127F2}.AppStore|iPhoneSimulator.Build.0 = AppStore|iPhoneSimulator
		{11A80FA8-3A39-46C9-9844-80A4DF1127F2}.AppStore|iPhoneSimulator.Deploy.0 = AppStore|iPhoneSimulator
		{11A80FA8-3A39-46C9-9844-80A4DF1127F2}.Debug|Any CPU.ActiveCfg = Debug|iPhoneSimulator
		{11A80FA8-3A39-46C9-9844-80A4DF1127F2}.Debug|Any CPU.Build.0 = Debug|iPhoneSimulator
		{11A80FA8-3A39-46C9-9844-80A4DF1127F2}.Debug|Any CPU.Deploy.0 = Debug|iPhoneSimulator
		{11A80FA8-3A39-46C9-9844-80A4DF1127F2}.Debug|iPhone.ActiveCfg = Debug|iPhone
		{11A80FA8-3A39-46C9-9844-80A4DF1127F2}.Debug|iPhone.Build.0 = Debug|iPhone
		{11A80FA8-3A39-46C9-9844-80A4DF1127F2}.Debug|iPhone.Deploy.0 = Debug|iPhone
		{11A80FA8-3A39-46C9-9844-80A4DF1127F2}.Debug|iPhoneSimulator.ActiveCfg = Debug|iPhoneSimulator
		{11A80FA8-3A39-46C9-9844-80A4DF1127F2}.Debug|iPhoneSimulator.Build.0 = Debug|iPhoneSimulator
		{11A80FA8-3A39-46C9-9844-80A4DF1127F2}.Debug|iPhoneSimulator.Deploy.0 = Debug|iPhoneSimulator
		{11A80FA8-3A39-46C9-9844-80A4DF1127F2}.Release|Any CPU.ActiveCfg = Release|iPhone
		{11A80FA8-3A39-46C9-9844-80A4DF1127F2}.Release|Any CPU.Build.0 = Release|iPhone
		{11A80FA8-3A39-46C9-9844-80A4DF1127F2}.Release|Any CPU.Deploy.0 = Release|iPhone
		{11A80FA8-3A39-46C9-9844-80A4DF1127F2}.Release|iPhone.ActiveCfg = Release|iPhone
		{11A80FA8-3A39-46C9-9844-80A4DF1127F2}.Release|iPhone.Build.0 = Release|iPhone
		{11A80FA8-3A39-46C9-9844-80A4DF1127F2}.Release|iPhone.Deploy.0 = Release|iPhone
		{11A80FA8-3A39-46C9-9844-80A4DF1127F2}.Release|iPhoneSimulator.ActiveCfg = Release|iPhoneSimulator
		{11A80FA8-3A39-46C9-9844-80A4DF1127F2}.Release|iPhoneSimulator.Build.0 = Release|iPhoneSimulator
		{11A80FA8-3A39-46C9-9844-80A4DF1127F2}.Release|iPhoneSimulator.Deploy.0 = Release|iPhoneSimulator
		{96356EAB-1BD3-48C3-BA19-F5EC311497F5}.Ad-Hoc|Any CPU.ActiveCfg = Debug|Any CPU
		{96356EAB-1BD3-48C3-BA19-F5EC311497F5}.Ad-Hoc|Any CPU.Build.0 = Debug|Any CPU
		{96356EAB-1BD3-48C3-BA19-F5EC311497F5}.Ad-Hoc|Any CPU.Deploy.0 = Debug|Any CPU
		{96356EAB-1BD3-48C3-BA19-F5EC311497F5}.Ad-Hoc|iPhone.ActiveCfg = Debug|Any CPU
		{96356EAB-1BD3-48C3-BA19-F5EC311497F5}.Ad-Hoc|iPhone.Build.0 = Debug|Any CPU
		{96356EAB-1BD3-48C3-BA19-F5EC311497F5}.Ad-Hoc|iPhone.Deploy.0 = Debug|Any CPU
		{96356EAB-1BD3-48C3-BA19-F5EC311497F5}.Ad-Hoc|iPhoneSimulator.ActiveCfg = Debug|Any CPU
		{96356EAB-1BD3-48C3-BA19-F5EC311497F5}.Ad-Hoc|iPhoneSimulator.Build.0 = Debug|Any CPU
		{96356EAB-1BD3-48C3-BA19-F5EC311497F5}.Ad-Hoc|iPhoneSimulator.Deploy.0 = Debug|Any CPU
		{96356EAB-1BD3-48C3-BA19-F5EC311497F5}.AppStore|Any CPU.ActiveCfg = Debug|Any CPU
		{96356EAB-1BD3-48C3-BA19-F5EC311497F5}.AppStore|Any CPU.Build.0 = Debug|Any CPU
		{96356EAB-1BD3-48C3-BA19-F5EC311497F5}.AppStore|Any CPU.Deploy.0 = Debug|Any CPU
		{96356EAB-1BD3-48C3-BA19-F5EC311497F5}.AppStore|iPhone.ActiveCfg = Debug|Any CPU
		{96356EAB-1BD3-48C3-BA19-F5EC311497F5}.AppStore|iPhone.Build.0 = Debug|Any CPU
		{96356EAB-1BD3-48C3-BA19-F5EC311497F5}.AppStore|iPhone.Deploy.0 = Debug|Any CPU
		{96356EAB-1BD3-48C3-BA19-F5EC311497F5}.AppStore|iPhoneSimulator.ActiveCfg = Debug|Any CPU
		{96356EAB-1BD3-48C3-BA19-F5EC311497F5}.AppStore|iPhoneSimulator.Build.0 = Debug|Any CPU
		{96356EAB-1BD3-48C3-BA19-F5EC311497F5}.AppStore|iPhoneSimulator.Deploy.0 = Debug|Any CPU
		{96356EAB-1BD3-48C3-BA19-F5EC311497F5}.Debug|Any CPU.ActiveCfg = Debug|Any CPU
		{96356EAB-1BD3-48C3-BA19-F5EC311497F5}.Debug|Any CPU.Build.0 = Debug|Any CPU
		{96356EAB-1BD3-48C3-BA19-F5EC311497F5}.Debug|Any CPU.Deploy.0 = Debug|Any CPU
		{96356EAB-1BD3-48C3-BA19-F5EC311497F5}.Debug|iPhone.ActiveCfg = Debug|Any CPU
		{96356EAB-1BD3-48C3-BA19-F5EC311497F5}.Debug|iPhone.Build.0 = Debug|Any CPU
		{96356EAB-1BD3-48C3-BA19-F5EC311497F5}.Debug|iPhone.Deploy.0 = Debug|Any CPU
		{96356EAB-1BD3-48C3-BA19-F5EC311497F5}.Debug|iPhoneSimulator.ActiveCfg = Debug|Any CPU
		{96356EAB-1BD3-48C3-BA19-F5EC311497F5}.Debug|iPhoneSimulator.Build.0 = Debug|Any CPU
		{96356EAB-1BD3-48C3-BA19-F5EC311497F5}.Debug|iPhoneSimulator.Deploy.0 = Debug|Any CPU
		{96356EAB-1BD3-48C3-BA19-F5EC311497F5}.Release|Any CPU.ActiveCfg = Release|Any CPU
		{96356EAB-1BD3-48C3-BA19-F5EC311497F5}.Release|Any CPU.Build.0 = Release|Any CPU
		{96356EAB-1BD3-48C3-BA19-F5EC311497F5}.Release|Any CPU.Deploy.0 = Release|Any CPU
		{96356EAB-1BD3-48C3-BA19-F5EC311497F5}.Release|iPhone.ActiveCfg = Release|Any CPU
		{96356EAB-1BD3-48C3-BA19-F5EC311497F5}.Release|iPhone.Build.0 = Release|Any CPU
		{96356EAB-1BD3-48C3-BA19-F5EC311497F5}.Release|iPhone.Deploy.0 = Release|Any CPU
		{96356EAB-1BD3-48C3-BA19-F5EC311497F5}.Release|iPhoneSimulator.ActiveCfg = Release|Any CPU
		{96356EAB-1BD3-48C3-BA19-F5EC311497F5}.Release|iPhoneSimulator.Build.0 = Release|Any CPU
		{96356EAB-1BD3-48C3-BA19-F5EC311497F5}.Release|iPhoneSimulator.Deploy.0 = Release|Any CPU
	EndGlobalSection
	GlobalSection(SolutionProperties) = preSolution
		HideSolutionNode = FALSE
	EndGlobalSection
	GlobalSection(ExtensibilityGlobals) = postSolution
		SolutionGuid = {E44302EF-5B3E-46DB-A3D3-204EB37C68C4}
	EndGlobalSection
EndGlobal
